{
  "name": "node_loader_bootstrap",
  "version": "1.0.0",
  "lockfileVersion": 1,
  "requires": true,
  "dependencies": {
    "cherow": {
      "version": "1.6.9",
      "resolved": "https://registry.npmjs.org/cherow/-/cherow-1.6.9.tgz",
      "integrity": "sha512-pmmkpIQRcnDA7EawKcg9+ncSZNTYfXqDx+K3oqqYvpZlqVBChjTomTfw+hePnkqYR3Y013818c0R1Q5P/7PGrQ=="
    }
  }
}
